
Microsoft Visual Studio Solution File, Format Version 12.00
# Visual Studio Version 16
VisualStudioVersion = 16.0.29318.209
MinimumVisualStudioVersion = 10.0.40219.1
Project("{FAE04EC0-301F-11D3-BF4B-00C04F79EFBC}") = "CSharp_Basics", "CSharp_Basics\CSharp_Basics.csproj", "{648D1B14-D6D4-4B9B-ADCA-198954FBAAA7}"
EndProject
Project("{FAE04EC0-301F-11D3-BF4B-00C04F79EFBC}") = "Calculate", "Calculate\Calculate.csproj", "{EEBBDE6B-9E9A-499E-9830-16D25563AEFC}"
EndProject
Project("{FAE04EC0-301F-11D3-BF4B-00C04F79EFBC}") = "Calk2", "Calk2\Calk2.csproj", "{BFBD023C-99BE-402D-9BC1-1F10791AC96A}"
EndProject
Project("{FAE04EC0-301F-11D3-BF4B-00C04F79EFBC}") = "Calc2Test", "Calc2Test\Calc2Test.csproj", "{2AAF3636-E9A4-4510-B98C-3049DA811F76}"
EndProject
Global
	GlobalSection(SolutionConfigurationPlatforms) = preSolution
		Debug|Any CPU = Debug|Any CPU
		Release|Any CPU = Release|Any CPU
	EndGlobalSection
	GlobalSection(ProjectConfigurationPlatforms) = postSolution
		{648D1B14-D6D4-4B9B-ADCA-198954FBAAA7}.Debug|Any CPU.ActiveCfg = Debug|Any CPU
		{648D1B14-D6D4-4B9B-ADCA-198954FBAAA7}.Debug|Any CPU.Build.0 = Debug|Any CPU
		{648D1B14-D6D4-4B9B-ADCA-198954FBAAA7}.Release|Any CPU.ActiveCfg = Release|Any CPU
		{648D1B14-D6D4-4B9B-ADCA-198954FBAAA7}.Release|Any CPU.Build.0 = Release|Any CPU
		{EEBBDE6B-9E9A-499E-9830-16D25563AEFC}.Debug|Any CPU.ActiveCfg = Debug|Any CPU
		{EEBBDE6B-9E9A-499E-9830-16D25563AEFC}.Debug|Any CPU.Build.0 = Debug|Any CPU
		{EEBBDE6B-9E9A-499E-9830-16D25563AEFC}.Release|Any CPU.ActiveCfg = Release|Any CPU
		{EEBBDE6B-9E9A-499E-9830-16D25563AEFC}.Release|Any CPU.Build.0 = Release|Any CPU
		{BFBD023C-99BE-402D-9BC1-1F10791AC96A}.Debug|Any CPU.ActiveCfg = Debug|Any CPU
		{BFBD023C-99BE-402D-9BC1-1F10791AC96A}.Debug|Any CPU.Build.0 = Debug|Any CPU
		{BFBD023C-99BE-402D-9BC1-1F10791AC96A}.Release|Any CPU.ActiveCfg = Release|Any CPU
		{BFBD023C-99BE-402D-9BC1-1F10791AC96A}.Release|Any CPU.Build.0 = Release|Any CPU
		{2AAF3636-E9A4-4510-B98C-3049DA811F76}.Debug|Any CPU.ActiveCfg = Debug|Any CPU
		{2AAF3636-E9A4-4510-B98C-3049DA811F76}.Debug|Any CPU.Build.0 = Debug|Any CPU
		{2AAF3636-E9A4-4510-B98C-3049DA811F76}.Release|Any CPU.ActiveCfg = Release|Any CPU
		{2AAF3636-E9A4-4510-B98C-3049DA811F76}.Release|Any CPU.Build.0 = Release|Any CPU
	EndGlobalSection
	GlobalSection(SolutionProperties) = preSolution
		HideSolutionNode = FALSE
	EndGlobalSection
	GlobalSection(ExtensibilityGlobals) = postSolution
		SolutionGuid = {F1979923-58CD-4565-9AD0-A4317DF08E4B}
	EndGlobalSection
EndGlobal
